
Microsoft Visual Studio Solution File, Format Version 12.00
# Visual Studio Version 17
VisualStudioVersion = 17.3.32825.248
MinimumVisualStudioVersion = 10.0.40219.1
Project("{FAE04EC0-301F-11D3-BF4B-00C04F79EFBC}") = "MVCASFIES", "MVCASFIES\MVCASFIES.csproj", "{F52543A3-E971-46B5-83E8-A3E26C7293EB}"
EndProject
Global
	GlobalSection(SolutionConfigurationPlatforms) = preSolution
		Debug|Any CPU = Debug|Any CPU
		Release|Any CPU = Release|Any CPU
	EndGlobalSection
	GlobalSection(ProjectConfigurationPlatforms) = postSolution
		{F52543A3-E971-46B5-83E8-A3E26C7293EB}.Debug|Any CPU.ActiveCfg = Debug|Any CPU
		{F52543A3-E971-46B5-83E8-A3E26C7293EB}.Debug|Any CPU.Build.0 = Debug|Any CPU
		{F52543A3-E971-46B5-83E8-A3E26C7293EB}.Release|Any CPU.ActiveCfg = Release|Any CPU
		{F52543A3-E971-46B5-83E8-A3E26C7293EB}.Release|Any CPU.Build.0 = Release|Any CPU
	EndGlobalSection
	GlobalSection(SolutionProperties) = preSolution
		HideSolutionNode = FALSE
	EndGlobalSection
	GlobalSection(ExtensibilityGlobals) = postSolution
		SolutionGuid = {3B7E084C-759D-4063-978E-C351704E1846}
	EndGlobalSection
EndGlobal
